
Microsoft Visual Studio Solution File, Format Version 12.00
# Visual Studio Version 17
VisualStudioVersion = 17.3.32929.385
MinimumVisualStudioVersion = 10.0.40219.1
Project("{8BC9CEB8-8B4A-11D0-8D11-00A0C91BC942}") = "QtHello", "QtHello.vcxproj", "{582D6D1E-A8FC-4DD3-9C64-CAF8C0AF4F1C}"
EndProject
Global
	GlobalSection(SolutionConfigurationPlatforms) = preSolution
		Debug|x64 = Debug|x64
		Release|x64 = Release|x64
	EndGlobalSection
	GlobalSection(ProjectConfigurationPlatforms) = postSolution
		{582D6D1E-A8FC-4DD3-9C64-CAF8C0AF4F1C}.Debug|x64.ActiveCfg = Debug|x64
		{582D6D1E-A8FC-4DD3-9C64-CAF8C0AF4F1C}.Debug|x64.Build.0 = Debug|x64
		{582D6D1E-A8FC-4DD3-9C64-CAF8C0AF4F1C}.Release|x64.ActiveCfg = Release|x64
		{582D6D1E-A8FC-4DD3-9C64-CAF8C0AF4F1C}.Release|x64.Build.0 = Release|x64
	EndGlobalSection
	GlobalSection(SolutionProperties) = preSolution
		HideSolutionNode = FALSE
	EndGlobalSection
	GlobalSection(ExtensibilityGlobals) = postSolution
		SolutionGuid = {22C3E958-0656-49C9-8A1E-CBB22EAAE6A4}
	EndGlobalSection
EndGlobal
